{
  "name": "fontawesome5-solid",
  "version": "1.0.0",
  "lockfileVersion": 1,
  "requires": true,
  "dependencies": {
    "@fortawesome/fontawesome-free": {
      "version": "5.13.0",
      "resolved": "https://registry.npm.taobao.org/@fortawesome/fontawesome-free/download/@fortawesome/fontawesome-free-5.13.0.tgz",
      "integrity": "sha1-/LET0ayktHG3CejJwWhnT71uBtk=",
      "dev": true
    },
    "camel-case": {
      "version": "4.1.1",
      "resolved": "https://registry.npm.taobao.org/camel-case/download/camel-case-4.1.1.tgz",
      "integrity": "sha1-H8QchU8A4vfQE53+uhVC1olv5Uc=",
      "dev": true,
      "requires": {
        "pascal-case": "^3.1.1",
        "tslib": "^1.10.0"
      }
    },
    "lower-case": {
      "version": "2.0.1",
      "resolved": "https://registry.npm.taobao.org/lower-case/download/lower-case-2.0.1.tgz",
      "integrity": "sha1-Oe6zbjlhFcwF4pQi6uqeaSyUCMc=",
      "dev": true,
      "requires": {
        "tslib": "^1.10.0"
      }
    },
    "no-case": {
      "version": "3.0.3",
      "resolved": "https://registry.npm.taobao.org/no-case/download/no-case-3.0.3.tgz",
      "integrity": "sha1-whtDTB/+SLOQh+hs+00lgunfGPg=",
      "dev": true,
      "requires": {
        "lower-case": "^2.0.1",
        "tslib": "^1.10.0"
      }
    },
    "pascal-case": {
      "version": "3.1.1",
      "resolved": "https://registry.npm.taobao.org/pascal-case/download/pascal-case-3.1.1.tgz",
      "integrity": "sha1-WsGXUTPtYZKB6Ikglz0s0fJ53l8=",
      "dev": true,
      "requires": {
        "no-case": "^3.0.3",
        "tslib": "^1.10.0"
      }
    },
    "sax": {
      "version": "1.2.4",
      "resolved": "https://registry.npm.taobao.org/sax/download/sax-1.2.4.tgz",
      "integrity": "sha1-KBYjTiN4vdxOU1T6tcqold9xANk=",
      "dev": true
    },
    "tslib": {
      "version": "1.11.1",
      "resolved": "https://registry.npm.taobao.org/tslib/download/tslib-1.11.1.tgz",
      "integrity": "sha1-6xXRKIJ/vuKEFUnhcfRe0zisfjU=",
      "dev": true
    },
    "xml-js": {
      "version": "1.6.11",
      "resolved": "https://registry.npm.taobao.org/xml-js/download/xml-js-1.6.11.tgz",
      "integrity": "sha1-kn0vaUf38cGaMW3Y7qNhTosY+Ok=",
      "dev": true,
      "requires": {
        "sax": "^1.2.4"
      }
    }
  }
}
